
Microsoft Visual Studio Solution File, Format Version 12.00
# Visual Studio Version 17
VisualStudioVersion = 17.9.34728.123
MinimumVisualStudioVersion = 10.0.40219.1
Project("{FAE04EC0-301F-11D3-BF4B-00C04F79EFBC}") = "Zadanie3", "Zadanie3\Zadanie3.csproj", "{A9D044D4-C2C3-4A10-AC2F-0F18DDF7A1DA}"
EndProject
Project("{FAE04EC0-301F-11D3-BF4B-00C04F79EFBC}") = "Zadanie6", "Zadanie6\Zadanie6.csproj", "{C78CAF23-D68B-43D6-A0D3-D67E5256E5C2}"
EndProject
Project("{FAE04EC0-301F-11D3-BF4B-00C04F79EFBC}") = "Zadanie9", "Zadanie9\Zadanie9.csproj", "{4E5CC953-CB90-45B1-9973-63D9BEB80BE8}"
EndProject
Project("{FAE04EC0-301F-11D3-BF4B-00C04F79EFBC}") = "Zadanie12", "Zadanie12\Zadanie12.csproj", "{3400161C-D902-4427-A8B0-67F9C4AE54C9}"
EndProject
Project("{FAE04EC0-301F-11D3-BF4B-00C04F79EFBC}") = "Zadanie15", "Zadanie15\Zadanie15.csproj", "{89060B0A-CECF-4184-B6D2-F66EC051CC12}"
EndProject
Project("{FAE04EC0-301F-11D3-BF4B-00C04F79EFBC}") = "Zadanie18", "Zadanie18\Zadanie18.csproj", "{F518F256-34B8-45D3-9957-6967AD51536F}"
EndProject
Global
	GlobalSection(SolutionConfigurationPlatforms) = preSolution
		Debug|Any CPU = Debug|Any CPU
		Release|Any CPU = Release|Any CPU
	EndGlobalSection
	GlobalSection(ProjectConfigurationPlatforms) = postSolution
		{A9D044D4-C2C3-4A10-AC2F-0F18DDF7A1DA}.Debug|Any CPU.ActiveCfg = Debug|Any CPU
		{A9D044D4-C2C3-4A10-AC2F-0F18DDF7A1DA}.Debug|Any CPU.Build.0 = Debug|Any CPU
		{A9D044D4-C2C3-4A10-AC2F-0F18DDF7A1DA}.Release|Any CPU.ActiveCfg = Release|Any CPU
		{A9D044D4-C2C3-4A10-AC2F-0F18DDF7A1DA}.Release|Any CPU.Build.0 = Release|Any CPU
		{C78CAF23-D68B-43D6-A0D3-D67E5256E5C2}.Debug|Any CPU.ActiveCfg = Debug|Any CPU
		{C78CAF23-D68B-43D6-A0D3-D67E5256E5C2}.Debug|Any CPU.Build.0 = Debug|Any CPU
		{C78CAF23-D68B-43D6-A0D3-D67E5256E5C2}.Release|Any CPU.ActiveCfg = Release|Any CPU
		{C78CAF23-D68B-43D6-A0D3-D67E5256E5C2}.Release|Any CPU.Build.0 = Release|Any CPU
		{4E5CC953-CB90-45B1-9973-63D9BEB80BE8}.Debug|Any CPU.ActiveCfg = Debug|Any CPU
		{4E5CC953-CB90-45B1-9973-63D9BEB80BE8}.Debug|Any CPU.Build.0 = Debug|Any CPU
		{4E5CC953-CB90-45B1-9973-63D9BEB80BE8}.Release|Any CPU.ActiveCfg = Release|Any CPU
		{4E5CC953-CB90-45B1-9973-63D9BEB80BE8}.Release|Any CPU.Build.0 = Release|Any CPU
		{3400161C-D902-4427-A8B0-67F9C4AE54C9}.Debug|Any CPU.ActiveCfg = Debug|Any CPU
		{3400161C-D902-4427-A8B0-67F9C4AE54C9}.Debug|Any CPU.Build.0 = Debug|Any CPU
		{3400161C-D902-4427-A8B0-67F9C4AE54C9}.Release|Any CPU.ActiveCfg = Release|Any CPU
		{3400161C-D902-4427-A8B0-67F9C4AE54C9}.Release|Any CPU.Build.0 = Release|Any CPU
		{89060B0A-CECF-4184-B6D2-F66EC051CC12}.Debug|Any CPU.ActiveCfg = Debug|Any CPU
		{89060B0A-CECF-4184-B6D2-F66EC051CC12}.Debug|Any CPU.Build.0 = Debug|Any CPU
		{89060B0A-CECF-4184-B6D2-F66EC051CC12}.Release|Any CPU.ActiveCfg = Release|Any CPU
		{89060B0A-CECF-4184-B6D2-F66EC051CC12}.Release|Any CPU.Build.0 = Release|Any CPU
		{F518F256-34B8-45D3-9957-6967AD51536F}.Debug|Any CPU.ActiveCfg = Debug|Any CPU
		{F518F256-34B8-45D3-9957-6967AD51536F}.Debug|Any CPU.Build.0 = Debug|Any CPU
		{F518F256-34B8-45D3-9957-6967AD51536F}.Release|Any CPU.ActiveCfg = Release|Any CPU
		{F518F256-34B8-45D3-9957-6967AD51536F}.Release|Any CPU.Build.0 = Release|Any CPU
	EndGlobalSection
	GlobalSection(SolutionProperties) = preSolution
		HideSolutionNode = FALSE
	EndGlobalSection
	GlobalSection(ExtensibilityGlobals) = postSolution
		SolutionGuid = {E93F7A1A-2ECC-4D9D-93B1-0D8117AE1A28}
	EndGlobalSection
EndGlobal
